
Microsoft Visual Studio Solution File, Format Version 12.00
# Visual Studio Version 17
VisualStudioVersion = 17.0.32112.339
MinimumVisualStudioVersion = 10.0.40219.1
Project("{FAE04EC0-301F-11D3-BF4B-00C04F79EFBC}") = "Shop.WebApi", "Shop.WebApi\Shop.WebApi.csproj", "{933FE982-F618-4E84-BEB4-C93B11266A97}"
EndProject
Project("{FAE04EC0-301F-11D3-BF4B-00C04F79EFBC}") = "Vendor.WebApi", "Vendor.WebApi\Vendor.WebApi.csproj", "{E8EBFDC2-8A81-400E-BDFF-79246DDD3231}"
EndProject
Project("{9A19103F-16F7-4668-BE54-9A1E7A4F7556}") = "Shop.Api", "Shop.Api\Shop.Api.csproj", "{B19214C7-CD61-4158-897F-50CBE5BEE0AF}"
EndProject
Project("{9A19103F-16F7-4668-BE54-9A1E7A4F7556}") = "Shop.Domain", "Shop.Domain\Shop.Domain.csproj", "{20EB69E9-7CA4-46A1-A776-E2C131F98590}"
EndProject
Project("{9A19103F-16F7-4668-BE54-9A1E7A4F7556}") = "Shop.Application", "Shop.Application\Shop.Application.csproj", "{377DBBF9-FD11-41BA-8177-AE80D23E6101}"
EndProject
Project("{9A19103F-16F7-4668-BE54-9A1E7A4F7556}") = "Shop.Infrastructure", "Shop.Infrastructure\Shop.Infrastructure.csproj", "{2FCDE4B2-43F2-40B1-89CD-05494EEA8E29}"
EndProject
Project("{FAE04EC0-301F-11D3-BF4B-00C04F79EFBC}") = "Vendor.Api", "Vendor.Api\Vendor.Api.csproj", "{F2D07837-03B8-4147-BD87-0530BD61CE3C}"
EndProject
Project("{2150E333-8FDC-42A3-9474-1A3956D46DE8}") = "Shop", "Shop", "{DDAEB1C7-D504-47BF-BA57-239CD5BC430A}"
EndProject
Project("{2150E333-8FDC-42A3-9474-1A3956D46DE8}") = "Vendor", "Vendor", "{90ADC549-D730-456D-976E-35FD433542DA}"
EndProject
Global
	GlobalSection(SolutionConfigurationPlatforms) = preSolution
		Debug|Any CPU = Debug|Any CPU
		Release|Any CPU = Release|Any CPU
	EndGlobalSection
	GlobalSection(ProjectConfigurationPlatforms) = postSolution
		{933FE982-F618-4E84-BEB4-C93B11266A97}.Debug|Any CPU.ActiveCfg = Debug|Any CPU
		{933FE982-F618-4E84-BEB4-C93B11266A97}.Debug|Any CPU.Build.0 = Debug|Any CPU
		{933FE982-F618-4E84-BEB4-C93B11266A97}.Release|Any CPU.ActiveCfg = Release|Any CPU
		{933FE982-F618-4E84-BEB4-C93B11266A97}.Release|Any CPU.Build.0 = Release|Any CPU
		{E8EBFDC2-8A81-400E-BDFF-79246DDD3231}.Debug|Any CPU.ActiveCfg = Debug|Any CPU
		{E8EBFDC2-8A81-400E-BDFF-79246DDD3231}.Debug|Any CPU.Build.0 = Debug|Any CPU
		{E8EBFDC2-8A81-400E-BDFF-79246DDD3231}.Release|Any CPU.ActiveCfg = Release|Any CPU
		{E8EBFDC2-8A81-400E-BDFF-79246DDD3231}.Release|Any CPU.Build.0 = Release|Any CPU
		{B19214C7-CD61-4158-897F-50CBE5BEE0AF}.Debug|Any CPU.ActiveCfg = Debug|Any CPU
		{B19214C7-CD61-4158-897F-50CBE5BEE0AF}.Debug|Any CPU.Build.0 = Debug|Any CPU
		{B19214C7-CD61-4158-897F-50CBE5BEE0AF}.Release|Any CPU.ActiveCfg = Release|Any CPU
		{B19214C7-CD61-4158-897F-50CBE5BEE0AF}.Release|Any CPU.Build.0 = Release|Any CPU
		{20EB69E9-7CA4-46A1-A776-E2C131F98590}.Debug|Any CPU.ActiveCfg = Debug|Any CPU
		{20EB69E9-7CA4-46A1-A776-E2C131F98590}.Debug|Any CPU.Build.0 = Debug|Any CPU
		{20EB69E9-7CA4-46A1-A776-E2C131F98590}.Release|Any CPU.ActiveCfg = Release|Any CPU
		{20EB69E9-7CA4-46A1-A776-E2C131F98590}.Release|Any CPU.Build.0 = Release|Any CPU
		{377DBBF9-FD11-41BA-8177-AE80D23E6101}.Debug|Any CPU.ActiveCfg = Debug|Any CPU
		{377DBBF9-FD11-41BA-8177-AE80D23E6101}.Debug|Any CPU.Build.0 = Debug|Any CPU
		{377DBBF9-FD11-41BA-8177-AE80D23E6101}.Release|Any CPU.ActiveCfg = Release|Any CPU
		{377DBBF9-FD11-41BA-8177-AE80D23E6101}.Release|Any CPU.Build.0 = Release|Any CPU
		{2FCDE4B2-43F2-40B1-89CD-05494EEA8E29}.Debug|Any CPU.ActiveCfg = Debug|Any CPU
		{2FCDE4B2-43F2-40B1-89CD-05494EEA8E29}.Debug|Any CPU.Build.0 = Debug|Any CPU
		{2FCDE4B2-43F2-40B1-89CD-05494EEA8E29}.Release|Any CPU.ActiveCfg = Release|Any CPU
		{2FCDE4B2-43F2-40B1-89CD-05494EEA8E29}.Release|Any CPU.Build.0 = Release|Any CPU
		{F2D07837-03B8-4147-BD87-0530BD61CE3C}.Debug|Any CPU.ActiveCfg = Debug|Any CPU
		{F2D07837-03B8-4147-BD87-0530BD61CE3C}.Debug|Any CPU.Build.0 = Debug|Any CPU
		{F2D07837-03B8-4147-BD87-0530BD61CE3C}.Release|Any CPU.ActiveCfg = Release|Any CPU
		{F2D07837-03B8-4147-BD87-0530BD61CE3C}.Release|Any CPU.Build.0 = Release|Any CPU
	EndGlobalSection
	GlobalSection(SolutionProperties) = preSolution
		HideSolutionNode = FALSE
	EndGlobalSection
	GlobalSection(NestedProjects) = preSolution
		{B19214C7-CD61-4158-897F-50CBE5BEE0AF} = {DDAEB1C7-D504-47BF-BA57-239CD5BC430A}
		{20EB69E9-7CA4-46A1-A776-E2C131F98590} = {DDAEB1C7-D504-47BF-BA57-239CD5BC430A}
		{377DBBF9-FD11-41BA-8177-AE80D23E6101} = {DDAEB1C7-D504-47BF-BA57-239CD5BC430A}
		{2FCDE4B2-43F2-40B1-89CD-05494EEA8E29} = {DDAEB1C7-D504-47BF-BA57-239CD5BC430A}
		{F2D07837-03B8-4147-BD87-0530BD61CE3C} = {90ADC549-D730-456D-976E-35FD433542DA}
	EndGlobalSection
	GlobalSection(ExtensibilityGlobals) = postSolution
		SolutionGuid = {617F262D-7C55-4515-8A87-75A838883500}
	EndGlobalSection
EndGlobal
